
Microsoft Visual Studio Solution File, Format Version 12.00
# Visual Studio Version 17
VisualStudioVersion = 17.9.34607.119
MinimumVisualStudioVersion = 10.0.40219.1
Project("{FAE04EC0-301F-11D3-BF4B-00C04F79EFBC}") = "AutoChangeClassApp", "AutoChangeClassApp\AutoChangeClassApp.csproj", "{1485A617-5E55-4A2B-85A9-43227A3B5181}"
EndProject
Global
	GlobalSection(SolutionConfigurationPlatforms) = preSolution
		Debug|Any CPU = Debug|Any CPU
		Release|Any CPU = Release|Any CPU
	EndGlobalSection
	GlobalSection(ProjectConfigurationPlatforms) = postSolution
		{1485A617-5E55-4A2B-85A9-43227A3B5181}.Debug|Any CPU.ActiveCfg = Debug|Any CPU
		{1485A617-5E55-4A2B-85A9-43227A3B5181}.Debug|Any CPU.Build.0 = Debug|Any CPU
		{1485A617-5E55-4A2B-85A9-43227A3B5181}.Release|Any CPU.ActiveCfg = Release|Any CPU
		{1485A617-5E55-4A2B-85A9-43227A3B5181}.Release|Any CPU.Build.0 = Release|Any CPU
	EndGlobalSection
	GlobalSection(SolutionProperties) = preSolution
		HideSolutionNode = FALSE
	EndGlobalSection
	GlobalSection(ExtensibilityGlobals) = postSolution
		SolutionGuid = {F1744960-0BF9-4E25-B0CF-2B8377F9911E}
	EndGlobalSection
EndGlobal
